// !$*UTF8*$!
{
	archiveVersion = 1;
	classes = {
	};
	objectVersion = 46;
	objects = {

/* Begin PBXBuildFile section */
		0A5014831D00D4E8005A6764 /* MovingSphere.swift in Sources */ = {isa = PBXBuildFile; fileRef = 0A5014821D00D4E8005A6764 /* MovingSphere.swift */; };
		0ADF47641CFDE6E400862832 /* Camera.swift in Sources */ = {isa = PBXBuildFile; fileRef = 0ADF47581CFDE6E400862832 /* Camera.swift */; };
		0ADF47651CFDE6E400862832 /* Dialectric.swift in Sources */ = {isa = PBXBuildFile; fileRef = 0ADF47591CFDE6E400862832 /* Dialectric.swift */; };
		0ADF47661CFDE6E400862832 /* Hitable.swift in Sources */ = {isa = PBXBuildFile; fileRef = 0ADF475A1CFDE6E400862832 /* Hitable.swift */; };
		0ADF47671CFDE6E400862832 /* HitableList.swift in Sources */ = {isa = PBXBuildFile; fileRef = 0ADF475B1CFDE6E400862832 /* HitableList.swift */; };
		0ADF47681CFDE6E400862832 /* HitRecord.swift in Sources */ = {isa = PBXBuildFile; fileRef = 0ADF475C1CFDE6E400862832 /* HitRecord.swift */; };
		0ADF47691CFDE6E400862832 /* Lambertian.swift in Sources */ = {isa = PBXBuildFile; fileRef = 0ADF475D1CFDE6E400862832 /* Lambertian.swift */; };
		0ADF476A1CFDE6E400862832 /* main.swift in Sources */ = {isa = PBXBuildFile; fileRef = 0ADF475E1CFDE6E400862832 /* main.swift */; };
		0ADF476B1CFDE6E400862832 /* Material.swift in Sources */ = {isa = PBXBuildFile; fileRef = 0ADF475F1CFDE6E400862832 /* Material.swift */; };
		0ADF476C1CFDE6E400862832 /* Metal.swift in Sources */ = {isa = PBXBuildFile; fileRef = 0ADF47601CFDE6E400862832 /* Metal.swift */; };
		0ADF476D1CFDE6E400862832 /* Ray.swift in Sources */ = {isa = PBXBuildFile; fileRef = 0ADF47611CFDE6E400862832 /* Ray.swift */; };
		0ADF476E1CFDE6E400862832 /* Sphere.swift in Sources */ = {isa = PBXBuildFile; fileRef = 0ADF47621CFDE6E400862832 /* Sphere.swift */; };
		0ADF476F1CFDE6E400862832 /* Vec3.swift in Sources */ = {isa = PBXBuildFile; fileRef = 0ADF47631CFDE6E400862832 /* Vec3.swift */; };
		2BD336341D02606700441C73 /* AABB.swift in Sources */ = {isa = PBXBuildFile; fileRef = 2BD336331D02606700441C73 /* AABB.swift */; };
		2BD336361D028C2200441C73 /* BVHNode.swift in Sources */ = {isa = PBXBuildFile; fileRef = 2BD336351D028C2200441C73 /* BVHNode.swift */; };
/* End PBXBuildFile section */

/* Begin PBXCopyFilesBuildPhase section */
		2B4900661CFCC6F600CF9A0E /* CopyFiles */ = {
			isa = PBXCopyFilesBuildPhase;
			buildActionMask = 2147483647;
			dstPath = /usr/share/man/man1/;
			dstSubfolderSpec = 0;
			files = (
			);
			runOnlyForDeploymentPostprocessing = 1;
		};
/* End PBXCopyFilesBuildPhase section */

/* Begin PBXFileReference section */
		0A5014821D00D4E8005A6764 /* MovingSphere.swift */ = {isa = PBXFileReference; fileEncoding = 4; lastKnownFileType = sourcecode.swift; path = MovingSphere.swift; sourceTree = "<group>"; };
		0ADF47581CFDE6E400862832 /* Camera.swift */ = {isa = PBXFileReference; fileEncoding = 4; lastKnownFileType = sourcecode.swift; path = Camera.swift; sourceTree = "<group>"; };
		0ADF47591CFDE6E400862832 /* Dialectric.swift */ = {isa = PBXFileReference; fileEncoding = 4; lastKnownFileType = sourcecode.swift; path = Dialectric.swift; sourceTree = "<group>"; };
		0ADF475A1CFDE6E400862832 /* Hitable.swift */ = {isa = PBXFileReference; fileEncoding = 4; lastKnownFileType = sourcecode.swift; path = Hitable.swift; sourceTree = "<group>"; };
		0ADF475B1CFDE6E400862832 /* HitableList.swift */ = {isa = PBXFileReference; fileEncoding = 4; lastKnownFileType = sourcecode.swift; path = HitableList.swift; sourceTree = "<group>"; };
		0ADF475C1CFDE6E400862832 /* HitRecord.swift */ = {isa = PBXFileReference; fileEncoding = 4; lastKnownFileType = sourcecode.swift; path = HitRecord.swift; sourceTree = "<group>"; };
		0ADF475D1CFDE6E400862832 /* Lambertian.swift */ = {isa = PBXFileReference; fileEncoding = 4; lastKnownFileType = sourcecode.swift; path = Lambertian.swift; sourceTree = "<group>"; };
		0ADF475E1CFDE6E400862832 /* main.swift */ = {isa = PBXFileReference; fileEncoding = 4; lastKnownFileType = sourcecode.swift; path = main.swift; sourceTree = "<group>"; };
		0ADF475F1CFDE6E400862832 /* Material.swift */ = {isa = PBXFileReference; fileEncoding = 4; lastKnownFileType = sourcecode.swift; path = Material.swift; sourceTree = "<group>"; };
		0ADF47601CFDE6E400862832 /* Metal.swift */ = {isa = PBXFileReference; fileEncoding = 4; lastKnownFileType = sourcecode.swift; path = Metal.swift; sourceTree = "<group>"; };
		0ADF47611CFDE6E400862832 /* Ray.swift */ = {isa = PBXFileReference; fileEncoding = 4; lastKnownFileType = sourcecode.swift; path = Ray.swift; sourceTree = "<group>"; };
		0ADF47621CFDE6E400862832 /* Sphere.swift */ = {isa = PBXFileReference; fileEncoding = 4; lastKnownFileType = sourcecode.swift; path = Sphere.swift; sourceTree = "<group>"; };
		0ADF47631CFDE6E400862832 /* Vec3.swift */ = {isa = PBXFileReference; fileEncoding = 4; lastKnownFileType = sourcecode.swift; path = Vec3.swift; sourceTree = "<group>"; };
		2B4900681CFCC6F600CF9A0E /* RayTracingWeekend */ = {isa = PBXFileReference; explicitFileType = "compiled.mach-o.executable"; includeInIndex = 0; path = RayTracingWeekend; sourceTree = BUILT_PRODUCTS_DIR; };
		2BD336331D02606700441C73 /* AABB.swift */ = {isa = PBXFileReference; fileEncoding = 4; lastKnownFileType = sourcecode.swift; path = AABB.swift; sourceTree = "<group>"; };
		2BD336351D028C2200441C73 /* BVHNode.swift */ = {isa = PBXFileReference; fileEncoding = 4; lastKnownFileType = sourcecode.swift; path = BVHNode.swift; sourceTree = "<group>"; };
/* End PBXFileReference section */

/* Begin PBXFrameworksBuildPhase section */
		2B4900651CFCC6F600CF9A0E /* Frameworks */ = {
			isa = PBXFrameworksBuildPhase;
			buildActionMask = 2147483647;
			files = (
			);
			runOnlyForDeploymentPostprocessing = 0;
		};
/* End PBXFrameworksBuildPhase section */

/* Begin PBXGroup section */
		2B49005F1CFCC6F600CF9A0E = {
			isa = PBXGroup;
			children = (
				2B49006A1CFCC6F600CF9A0E /* RayTracingWeekend */,
				2B4900691CFCC6F600CF9A0E /* Products */,
			);
			sourceTree = "<group>";
		};
		2B4900691CFCC6F600CF9A0E /* Products */ = {
			isa = PBXGroup;
			children = (
				2B4900681CFCC6F600CF9A0E /* RayTracingWeekend */,
			);
			name = Products;
			sourceTree = "<group>";
		};
		2B49006A1CFCC6F600CF9A0E /* RayTracingWeekend */ = {
			isa = PBXGroup;
			children = (
				2BD336331D02606700441C73 /* AABB.swift */,
				0ADF47581CFDE6E400862832 /* Camera.swift */,
				0ADF47591CFDE6E400862832 /* Dialectric.swift */,
				0ADF475A1CFDE6E400862832 /* Hitable.swift */,
				0ADF475B1CFDE6E400862832 /* HitableList.swift */,
				0ADF475C1CFDE6E400862832 /* HitRecord.swift */,
				0ADF475D1CFDE6E400862832 /* Lambertian.swift */,
				0ADF475E1CFDE6E400862832 /* main.swift */,
				0ADF475F1CFDE6E400862832 /* Material.swift */,
				0ADF47601CFDE6E400862832 /* Metal.swift */,
				0A5014821D00D4E8005A6764 /* MovingSphere.swift */,
				0ADF47611CFDE6E400862832 /* Ray.swift */,
				0ADF47621CFDE6E400862832 /* Sphere.swift */,
				0ADF47631CFDE6E400862832 /* Vec3.swift */,
				2BD336351D028C2200441C73 /* BVHNode.swift */,
			);
			path = RayTracingWeekend;
			sourceTree = "<group>";
		};
/* End PBXGroup section */

/* Begin PBXNativeTarget section */
		2B4900671CFCC6F600CF9A0E /* RayTracingWeekend */ = {
			isa = PBXNativeTarget;
			buildConfigurationList = 2B49006F1CFCC6F600CF9A0E /* Build configuration list for PBXNativeTarget "RayTracingWeekend" */;
			buildPhases = (
				2B4900641CFCC6F600CF9A0E /* Sources */,
				2B4900651CFCC6F600CF9A0E /* Frameworks */,
				2B4900661CFCC6F600CF9A0E /* CopyFiles */,
			);
			buildRules = (
			);
			dependencies = (
			);
			name = RayTracingWeekend;
			productName = RayTracingWeekend;
			productReference = 2B4900681CFCC6F600CF9A0E /* RayTracingWeekend */;
			productType = "com.apple.product-type.tool";
		};
/* End PBXNativeTarget section */

/* Begin PBXProject section */
		2B4900601CFCC6F600CF9A0E /* Project object */ = {
			isa = PBXProject;
			attributes = {
				LastSwiftUpdateCheck = 0730;
				LastUpgradeCheck = 0730;
				ORGANIZATIONNAME = "Kevin Lindsey";
				TargetAttributes = {
					2B4900671CFCC6F600CF9A0E = {
						CreatedOnToolsVersion = 7.3.1;
					};
				};
			};
			buildConfigurationList = 2B4900631CFCC6F600CF9A0E /* Build configuration list for PBXProject "RayTracingWeekend" */;
			compatibilityVersion = "Xcode 3.2";
			developmentRegion = English;
			hasScannedForEncodings = 0;
			knownRegions = (
				en,
			);
			mainGroup = 2B49005F1CFCC6F600CF9A0E;
			productRefGroup = 2B4900691CFCC6F600CF9A0E /* Products */;
			projectDirPath = "";
			projectRoot = "";
			targets = (
				2B4900671CFCC6F600CF9A0E /* RayTracingWeekend */,
			);
		};
/* End PBXProject section */

/* Begin PBXSourcesBuildPhase section */
		2B4900641CFCC6F600CF9A0E /* Sources */ = {
			isa = PBXSourcesBuildPhase;
			buildActionMask = 2147483647;
			files = (
				0ADF476B1CFDE6E400862832 /* Material.swift in Sources */,
				2BD336341D02606700441C73 /* AABB.swift in Sources */,
				0ADF476C1CFDE6E400862832 /* Metal.swift in Sources */,
				0ADF47661CFDE6E400862832 /* Hitable.swift in Sources */,
				0ADF476A1CFDE6E400862832 /* main.swift in Sources */,
				0ADF476D1CFDE6E400862832 /* Ray.swift in Sources */,
				0ADF476E1CFDE6E400862832 /* Sphere.swift in Sources */,
				2BD336361D028C2200441C73 /* BVHNode.swift in Sources */,
				0ADF47671CFDE6E400862832 /* HitableList.swift in Sources */,
				0ADF47691CFDE6E400862832 /* Lambertian.swift in Sources */,
				0ADF47641CFDE6E400862832 /* Camera.swift in Sources */,
				0ADF47681CFDE6E400862832 /* HitRecord.swift in Sources */,
				0A5014831D00D4E8005A6764 /* MovingSphere.swift in Sources */,
				0ADF476F1CFDE6E400862832 /* Vec3.swift in Sources */,
				0ADF47651CFDE6E400862832 /* Dialectric.swift in Sources */,
			);
			runOnlyForDeploymentPostprocessing = 0;
		};
/* End PBXSourcesBuildPhase section */

/* Begin XCBuildConfiguration section */
		2B49006D1CFCC6F600CF9A0E /* Debug */ = {
			isa = XCBuildConfiguration;
			buildSettings = {
				ALWAYS_SEARCH_USER_PATHS = NO;
				CLANG_ANALYZER_NONNULL = YES;
				CLANG_CXX_LANGUAGE_STANDARD = "gnu++0x";
				CLANG_CXX_LIBRARY = "libc++";
				CLANG_ENABLE_MODULES = YES;
				CLANG_ENABLE_OBJC_ARC = YES;
				CLANG_WARN_BOOL_CONVERSION = YES;
				CLANG_WARN_CONSTANT_CONVERSION = YES;
				CLANG_WARN_DIRECT_OBJC_ISA_USAGE = YES_ERROR;
				CLANG_WARN_EMPTY_BODY = YES;
				CLANG_WARN_ENUM_CONVERSION = YES;
				CLANG_WARN_INT_CONVERSION = YES;
				CLANG_WARN_OBJC_ROOT_CLASS = YES_ERROR;
				CLANG_WARN_UNREACHABLE_CODE = YES;
				CLANG_WARN__DUPLICATE_METHOD_MATCH = YES;
				CODE_SIGN_IDENTITY = "-";
				COPY_PHASE_STRIP = NO;
				DEBUG_INFORMATION_FORMAT = dwarf;
				ENABLE_STRICT_OBJC_MSGSEND = YES;
				ENABLE_TESTABILITY = YES;
				GCC_C_LANGUAGE_STANDARD = gnu99;
				GCC_DYNAMIC_NO_PIC = NO;
				GCC_NO_COMMON_BLOCKS = YES;
				GCC_OPTIMIZATION_LEVEL = 0;
				GCC_PREPROCESSOR_DEFINITIONS = (
					"DEBUG=1",
					"$(inherited)",
				);
				GCC_WARN_64_TO_32_BIT_CONVERSION = YES;
				GCC_WARN_ABOUT_RETURN_TYPE = YES_ERROR;
				GCC_WARN_UNDECLARED_SELECTOR = YES;
				GCC_WARN_UNINITIALIZED_AUTOS = YES_AGGRESSIVE;
				GCC_WARN_UNUSED_FUNCTION = YES;
				GCC_WARN_UNUSED_VARIABLE = YES;
				MACOSX_DEPLOYMENT_TARGET = 10.11;
				MTL_ENABLE_DEBUG_INFO = YES;
				ONLY_ACTIVE_ARCH = YES;
				SDKROOT = macosx;
				SWIFT_OPTIMIZATION_LEVEL = "-Onone";
			};
			name = Debug;
		};
		2B49006E1CFCC6F600CF9A0E /* Release */ = {
			isa = XCBuildConfiguration;
			buildSettings = {
				ALWAYS_SEARCH_USER_PATHS = NO;
				CLANG_ANALYZER_NONNULL = YES;
				CLANG_CXX_LANGUAGE_STANDARD = "gnu++0x";
				CLANG_CXX_LIBRARY = "libc++";
				CLANG_ENABLE_MODULES = YES;
				CLANG_ENABLE_OBJC_ARC = YES;
				CLANG_WARN_BOOL_CONVERSION = YES;
				CLANG_WARN_CONSTANT_CONVERSION = YES;
				CLANG_WARN_DIRECT_OBJC_ISA_USAGE = YES_ERROR;
				CLANG_WARN_EMPTY_BODY = YES;
				CLANG_WARN_ENUM_CONVERSION = YES;
				CLANG_WARN_INT_CONVERSION = YES;
				CLANG_WARN_OBJC_ROOT_CLASS = YES_ERROR;
				CLANG_WARN_UNREACHABLE_CODE = YES;
				CLANG_WARN__DUPLICATE_METHOD_MATCH = YES;
				CODE_SIGN_IDENTITY = "-";
				COPY_PHASE_STRIP = NO;
				DEBUG_INFORMATION_FORMAT = "dwarf-with-dsym";
				ENABLE_NS_ASSERTIONS = NO;
				ENABLE_STRICT_OBJC_MSGSEND = YES;
				GCC_C_LANGUAGE_STANDARD = gnu99;
				GCC_NO_COMMON_BLOCKS = YES;
				GCC_WARN_64_TO_32_BIT_CONVERSION = YES;
				GCC_WARN_ABOUT_RETURN_TYPE = YES_ERROR;
				GCC_WARN_UNDECLARED_SELECTOR = YES;
				GCC_WARN_UNINITIALIZED_AUTOS = YES_AGGRESSIVE;
				GCC_WARN_UNUSED_FUNCTION = YES;
				GCC_WARN_UNUSED_VARIABLE = YES;
				MACOSX_DEPLOYMENT_TARGET = 10.11;
				MTL_ENABLE_DEBUG_INFO = NO;
				SDKROOT = macosx;
			};
			name = Release;
		};
		2B4900701CFCC6F600CF9A0E /* Debug */ = {
			isa = XCBuildConfiguration;
			buildSettings = {
				CLANG_ENABLE_MODULES = YES;
				LD_RUNPATH_SEARCH_PATHS = "$(inherited) @executable_path/../Frameworks @loader_path/../Frameworks";
				PRODUCT_NAME = "$(TARGET_NAME)";
				SWIFT_OPTIMIZATION_LEVEL = "-Onone";
			};
			name = Debug;
		};
		2B4900711CFCC6F600CF9A0E /* Release */ = {
			isa = XCBuildConfiguration;
			buildSettings = {
				CLANG_ENABLE_MODULES = YES;
				LD_RUNPATH_SEARCH_PATHS = "$(inherited) @executable_path/../Frameworks @loader_path/../Frameworks";
				PRODUCT_NAME = "$(TARGET_NAME)";
			};
			name = Release;
		};
/* End XCBuildConfiguration section */

/* Begin XCConfigurationList section */
		2B4900631CFCC6F600CF9A0E /* Build configuration list for PBXProject "RayTracingWeekend" */ = {
			isa = XCConfigurationList;
			buildConfigurations = (
				2B49006D1CFCC6F600CF9A0E /* Debug */,
				2B49006E1CFCC6F600CF9A0E /* Release */,
			);
			defaultConfigurationIsVisible = 0;
			defaultConfigurationName = Release;
		};
		2B49006F1CFCC6F600CF9A0E /* Build configuration list for PBXNativeTarget "RayTracingWeekend" */ = {
			isa = XCConfigurationList;
			buildConfigurations = (
				2B4900701CFCC6F600CF9A0E /* Debug */,
				2B4900711CFCC6F600CF9A0E /* Release */,
			);
			defaultConfigurationIsVisible = 0;
			defaultConfigurationName = Release;
		};
/* End XCConfigurationList section */
	};
	rootObject = 2B4900601CFCC6F600CF9A0E /* Project object */;
}
