// !$*UTF8*$!
{
	archiveVersion = 1;
	classes = {
	};
	objectVersion = 46;
	objects = {

/* Begin PBXBuildFile section */
		2B49006C1CFCC6F600CF9A0E /* main.swift in Sources */ = {isa = PBXBuildFile; fileRef = 2B49006B1CFCC6F600CF9A0E /* main.swift */; };
		2B4900731CFCCAEF00CF9A0E /* vec3.swift in Sources */ = {isa = PBXBuildFile; fileRef = 2B4900721CFCCAEF00CF9A0E /* vec3.swift */; };
		2B4900751CFCCFDE00CF9A0E /* ray.swift in Sources */ = {isa = PBXBuildFile; fileRef = 2B4900741CFCCFDE00CF9A0E /* ray.swift */; };
		2B4900771CFCD5AC00CF9A0E /* shapes.swift in Sources */ = {isa = PBXBuildFile; fileRef = 2B4900761CFCD5AC00CF9A0E /* shapes.swift */; };
		2B4900791CFCD5EE00CF9A0E /* hitable.swift in Sources */ = {isa = PBXBuildFile; fileRef = 2B4900781CFCD5EE00CF9A0E /* hitable.swift */; };
		2B49007B1CFCD63100CF9A0E /* sphere.swift in Sources */ = {isa = PBXBuildFile; fileRef = 2B49007A1CFCD63100CF9A0E /* sphere.swift */; };
		2B49007D1CFCD88100CF9A0E /* hitable_list.swift in Sources */ = {isa = PBXBuildFile; fileRef = 2B49007C1CFCD88100CF9A0E /* hitable_list.swift */; };
/* End PBXBuildFile section */

/* Begin PBXCopyFilesBuildPhase section */
		2B4900661CFCC6F600CF9A0E /* CopyFiles */ = {
			isa = PBXCopyFilesBuildPhase;
			buildActionMask = 2147483647;
			dstPath = /usr/share/man/man1/;
			dstSubfolderSpec = 0;
			files = (
			);
			runOnlyForDeploymentPostprocessing = 1;
		};
/* End PBXCopyFilesBuildPhase section */

/* Begin PBXFileReference section */
		2B4900681CFCC6F600CF9A0E /* RayTracingWeekend */ = {isa = PBXFileReference; explicitFileType = "compiled.mach-o.executable"; includeInIndex = 0; path = RayTracingWeekend; sourceTree = BUILT_PRODUCTS_DIR; };
		2B49006B1CFCC6F600CF9A0E /* main.swift */ = {isa = PBXFileReference; lastKnownFileType = sourcecode.swift; path = main.swift; sourceTree = "<group>"; };
		2B4900721CFCCAEF00CF9A0E /* vec3.swift */ = {isa = PBXFileReference; fileEncoding = 4; lastKnownFileType = sourcecode.swift; path = vec3.swift; sourceTree = "<group>"; };
		2B4900741CFCCFDE00CF9A0E /* ray.swift */ = {isa = PBXFileReference; fileEncoding = 4; lastKnownFileType = sourcecode.swift; path = ray.swift; sourceTree = "<group>"; };
		2B4900761CFCD5AC00CF9A0E /* shapes.swift */ = {isa = PBXFileReference; fileEncoding = 4; lastKnownFileType = sourcecode.swift; path = shapes.swift; sourceTree = "<group>"; };
		2B4900781CFCD5EE00CF9A0E /* hitable.swift */ = {isa = PBXFileReference; fileEncoding = 4; lastKnownFileType = sourcecode.swift; path = hitable.swift; sourceTree = "<group>"; };
		2B49007A1CFCD63100CF9A0E /* sphere.swift */ = {isa = PBXFileReference; fileEncoding = 4; lastKnownFileType = sourcecode.swift; path = sphere.swift; sourceTree = "<group>"; };
		2B49007C1CFCD88100CF9A0E /* hitable_list.swift */ = {isa = PBXFileReference; fileEncoding = 4; lastKnownFileType = sourcecode.swift; path = hitable_list.swift; sourceTree = "<group>"; };
/* End PBXFileReference section */

/* Begin PBXFrameworksBuildPhase section */
		2B4900651CFCC6F600CF9A0E /* Frameworks */ = {
			isa = PBXFrameworksBuildPhase;
			buildActionMask = 2147483647;
			files = (
			);
			runOnlyForDeploymentPostprocessing = 0;
		};
/* End PBXFrameworksBuildPhase section */

/* Begin PBXGroup section */
		2B49005F1CFCC6F600CF9A0E = {
			isa = PBXGroup;
			children = (
				2B49006A1CFCC6F600CF9A0E /* RayTracingWeekend */,
				2B4900691CFCC6F600CF9A0E /* Products */,
			);
			sourceTree = "<group>";
		};
		2B4900691CFCC6F600CF9A0E /* Products */ = {
			isa = PBXGroup;
			children = (
				2B4900681CFCC6F600CF9A0E /* RayTracingWeekend */,
			);
			name = Products;
			sourceTree = "<group>";
		};
		2B49006A1CFCC6F600CF9A0E /* RayTracingWeekend */ = {
			isa = PBXGroup;
			children = (
				2B49006B1CFCC6F600CF9A0E /* main.swift */,
				2B4900721CFCCAEF00CF9A0E /* vec3.swift */,
				2B4900741CFCCFDE00CF9A0E /* ray.swift */,
				2B4900761CFCD5AC00CF9A0E /* shapes.swift */,
				2B4900781CFCD5EE00CF9A0E /* hitable.swift */,
				2B49007A1CFCD63100CF9A0E /* sphere.swift */,
				2B49007C1CFCD88100CF9A0E /* hitable_list.swift */,
			);
			path = RayTracingWeekend;
			sourceTree = "<group>";
		};
/* End PBXGroup section */

/* Begin PBXNativeTarget section */
		2B4900671CFCC6F600CF9A0E /* RayTracingWeekend */ = {
			isa = PBXNativeTarget;
			buildConfigurationList = 2B49006F1CFCC6F600CF9A0E /* Build configuration list for PBXNativeTarget "RayTracingWeekend" */;
			buildPhases = (
				2B4900641CFCC6F600CF9A0E /* Sources */,
				2B4900651CFCC6F600CF9A0E /* Frameworks */,
				2B4900661CFCC6F600CF9A0E /* CopyFiles */,
			);
			buildRules = (
			);
			dependencies = (
			);
			name = RayTracingWeekend;
			productName = RayTracingWeekend;
			productReference = 2B4900681CFCC6F600CF9A0E /* RayTracingWeekend */;
			productType = "com.apple.product-type.tool";
		};
/* End PBXNativeTarget section */

/* Begin PBXProject section */
		2B4900601CFCC6F600CF9A0E /* Project object */ = {
			isa = PBXProject;
			attributes = {
				LastSwiftUpdateCheck = 0730;
				LastUpgradeCheck = 0730;
				ORGANIZATIONNAME = "Kevin Lindsey";
				TargetAttributes = {
					2B4900671CFCC6F600CF9A0E = {
						CreatedOnToolsVersion = 7.3.1;
					};
				};
			};
			buildConfigurationList = 2B4900631CFCC6F600CF9A0E /* Build configuration list for PBXProject "RayTracingWeekend" */;
			compatibilityVersion = "Xcode 3.2";
			developmentRegion = English;
			hasScannedForEncodings = 0;
			knownRegions = (
				en,
			);
			mainGroup = 2B49005F1CFCC6F600CF9A0E;
			productRefGroup = 2B4900691CFCC6F600CF9A0E /* Products */;
			projectDirPath = "";
			projectRoot = "";
			targets = (
				2B4900671CFCC6F600CF9A0E /* RayTracingWeekend */,
			);
		};
/* End PBXProject section */

/* Begin PBXSourcesBuildPhase section */
		2B4900641CFCC6F600CF9A0E /* Sources */ = {
			isa = PBXSourcesBuildPhase;
			buildActionMask = 2147483647;
			files = (
				2B49007B1CFCD63100CF9A0E /* sphere.swift in Sources */,
				2B4900791CFCD5EE00CF9A0E /* hitable.swift in Sources */,
				2B4900731CFCCAEF00CF9A0E /* vec3.swift in Sources */,
				2B4900751CFCCFDE00CF9A0E /* ray.swift in Sources */,
				2B49007D1CFCD88100CF9A0E /* hitable_list.swift in Sources */,
				2B49006C1CFCC6F600CF9A0E /* main.swift in Sources */,
				2B4900771CFCD5AC00CF9A0E /* shapes.swift in Sources */,
			);
			runOnlyForDeploymentPostprocessing = 0;
		};
/* End PBXSourcesBuildPhase section */

/* Begin XCBuildConfiguration section */
		2B49006D1CFCC6F600CF9A0E /* Debug */ = {
			isa = XCBuildConfiguration;
			buildSettings = {
				ALWAYS_SEARCH_USER_PATHS = NO;
				CLANG_ANALYZER_NONNULL = YES;
				CLANG_CXX_LANGUAGE_STANDARD = "gnu++0x";
				CLANG_CXX_LIBRARY = "libc++";
				CLANG_ENABLE_MODULES = YES;
				CLANG_ENABLE_OBJC_ARC = YES;
				CLANG_WARN_BOOL_CONVERSION = YES;
				CLANG_WARN_CONSTANT_CONVERSION = YES;
				CLANG_WARN_DIRECT_OBJC_ISA_USAGE = YES_ERROR;
				CLANG_WARN_EMPTY_BODY = YES;
				CLANG_WARN_ENUM_CONVERSION = YES;
				CLANG_WARN_INT_CONVERSION = YES;
				CLANG_WARN_OBJC_ROOT_CLASS = YES_ERROR;
				CLANG_WARN_UNREACHABLE_CODE = YES;
				CLANG_WARN__DUPLICATE_METHOD_MATCH = YES;
				CODE_SIGN_IDENTITY = "-";
				COPY_PHASE_STRIP = NO;
				DEBUG_INFORMATION_FORMAT = dwarf;
				ENABLE_STRICT_OBJC_MSGSEND = YES;
				ENABLE_TESTABILITY = YES;
				GCC_C_LANGUAGE_STANDARD = gnu99;
				GCC_DYNAMIC_NO_PIC = NO;
				GCC_NO_COMMON_BLOCKS = YES;
				GCC_OPTIMIZATION_LEVEL = 0;
				GCC_PREPROCESSOR_DEFINITIONS = (
					"DEBUG=1",
					"$(inherited)",
				);
				GCC_WARN_64_TO_32_BIT_CONVERSION = YES;
				GCC_WARN_ABOUT_RETURN_TYPE = YES_ERROR;
				GCC_WARN_UNDECLARED_SELECTOR = YES;
				GCC_WARN_UNINITIALIZED_AUTOS = YES_AGGRESSIVE;
				GCC_WARN_UNUSED_FUNCTION = YES;
				GCC_WARN_UNUSED_VARIABLE = YES;
				MACOSX_DEPLOYMENT_TARGET = 10.11;
				MTL_ENABLE_DEBUG_INFO = YES;
				ONLY_ACTIVE_ARCH = YES;
				SDKROOT = macosx;
				SWIFT_OPTIMIZATION_LEVEL = "-Onone";
			};
			name = Debug;
		};
		2B49006E1CFCC6F600CF9A0E /* Release */ = {
			isa = XCBuildConfiguration;
			buildSettings = {
				ALWAYS_SEARCH_USER_PATHS = NO;
				CLANG_ANALYZER_NONNULL = YES;
				CLANG_CXX_LANGUAGE_STANDARD = "gnu++0x";
				CLANG_CXX_LIBRARY = "libc++";
				CLANG_ENABLE_MODULES = YES;
				CLANG_ENABLE_OBJC_ARC = YES;
				CLANG_WARN_BOOL_CONVERSION = YES;
				CLANG_WARN_CONSTANT_CONVERSION = YES;
				CLANG_WARN_DIRECT_OBJC_ISA_USAGE = YES_ERROR;
				CLANG_WARN_EMPTY_BODY = YES;
				CLANG_WARN_ENUM_CONVERSION = YES;
				CLANG_WARN_INT_CONVERSION = YES;
				CLANG_WARN_OBJC_ROOT_CLASS = YES_ERROR;
				CLANG_WARN_UNREACHABLE_CODE = YES;
				CLANG_WARN__DUPLICATE_METHOD_MATCH = YES;
				CODE_SIGN_IDENTITY = "-";
				COPY_PHASE_STRIP = NO;
				DEBUG_INFORMATION_FORMAT = "dwarf-with-dsym";
				ENABLE_NS_ASSERTIONS = NO;
				ENABLE_STRICT_OBJC_MSGSEND = YES;
				GCC_C_LANGUAGE_STANDARD = gnu99;
				GCC_NO_COMMON_BLOCKS = YES;
				GCC_WARN_64_TO_32_BIT_CONVERSION = YES;
				GCC_WARN_ABOUT_RETURN_TYPE = YES_ERROR;
				GCC_WARN_UNDECLARED_SELECTOR = YES;
				GCC_WARN_UNINITIALIZED_AUTOS = YES_AGGRESSIVE;
				GCC_WARN_UNUSED_FUNCTION = YES;
				GCC_WARN_UNUSED_VARIABLE = YES;
				MACOSX_DEPLOYMENT_TARGET = 10.11;
				MTL_ENABLE_DEBUG_INFO = NO;
				SDKROOT = macosx;
			};
			name = Release;
		};
		2B4900701CFCC6F600CF9A0E /* Debug */ = {
			isa = XCBuildConfiguration;
			buildSettings = {
				PRODUCT_NAME = "$(TARGET_NAME)";
			};
			name = Debug;
		};
		2B4900711CFCC6F600CF9A0E /* Release */ = {
			isa = XCBuildConfiguration;
			buildSettings = {
				PRODUCT_NAME = "$(TARGET_NAME)";
			};
			name = Release;
		};
/* End XCBuildConfiguration section */

/* Begin XCConfigurationList section */
		2B4900631CFCC6F600CF9A0E /* Build configuration list for PBXProject "RayTracingWeekend" */ = {
			isa = XCConfigurationList;
			buildConfigurations = (
				2B49006D1CFCC6F600CF9A0E /* Debug */,
				2B49006E1CFCC6F600CF9A0E /* Release */,
			);
			defaultConfigurationIsVisible = 0;
			defaultConfigurationName = Release;
		};
		2B49006F1CFCC6F600CF9A0E /* Build configuration list for PBXNativeTarget "RayTracingWeekend" */ = {
			isa = XCConfigurationList;
			buildConfigurations = (
				2B4900701CFCC6F600CF9A0E /* Debug */,
				2B4900711CFCC6F600CF9A0E /* Release */,
			);
			defaultConfigurationIsVisible = 0;
		};
/* End XCConfigurationList section */
	};
	rootObject = 2B4900601CFCC6F600CF9A0E /* Project object */;
}
